
Microsoft Visual Studio Solution File, Format Version 12.00
# Visual Studio 15
VisualStudioVersion = 15.0.27703.2026
MinimumVisualStudioVersion = 10.0.40219.1
Project("{FAE04EC0-301F-11D3-BF4B-00C04F79EFBC}") = "Lab03", "Lab03\Lab03.csproj", "{BC2D6764-E259-43DB-A282-DC9C1D70EFE7}"
EndProject
Global
	GlobalSection(SolutionConfigurationPlatforms) = preSolution
		Debug|Any CPU = Debug|Any CPU
		Release|Any CPU = Release|Any CPU
	EndGlobalSection
	GlobalSection(ProjectConfigurationPlatforms) = postSolution
		{BC2D6764-E259-43DB-A282-DC9C1D70EFE7}.Debug|Any CPU.ActiveCfg = Debug|Any CPU
		{BC2D6764-E259-43DB-A282-DC9C1D70EFE7}.Debug|Any CPU.Build.0 = Debug|Any CPU
		{BC2D6764-E259-43DB-A282-DC9C1D70EFE7}.Release|Any CPU.ActiveCfg = Release|Any CPU
		{BC2D6764-E259-43DB-A282-DC9C1D70EFE7}.Release|Any CPU.Build.0 = Release|Any CPU
	EndGlobalSection
	GlobalSection(SolutionProperties) = preSolution
		HideSolutionNode = FALSE
	EndGlobalSection
	GlobalSection(ExtensibilityGlobals) = postSolution
		SolutionGuid = {4A473F48-195C-4B4C-B8C8-7E248545977C}
	EndGlobalSection
EndGlobal
